
Microsoft Visual Studio Solution File, Format Version 12.00
# Visual Studio Version 17
VisualStudioVersion = 17.13.35919.96 d17.13
MinimumVisualStudioVersion = 10.0.40219.1
Project("{FAE04EC0-301F-11D3-BF4B-00C04F79EFBC}") = "Client.Api", "Client.Api\Client.Api.csproj", "{913C44B7-3715-42DC-AB3C-5706708D7F6B}"
EndProject
Project("{FAE04EC0-301F-11D3-BF4B-00C04F79EFBC}") = "Client.Services", "Client.Services\Client.Services.csproj", "{8B988F06-FE48-41DF-9759-8A7487255AE3}"
EndProject
Project("{FAE04EC0-301F-11D3-BF4B-00C04F79EFBC}") = "Client.Repositories", "Client.Repositories\Client.Repositories.csproj", "{F59B5544-EC35-42CF-A63C-5739350D26A6}"
EndProject
Project("{FAE04EC0-301F-11D3-BF4B-00C04F79EFBC}") = "Clientes.DTOs", "Clientes.DTOs\Clientes.DTOs.csproj", "{19E0CD03-3A39-4E61-AF97-71E420F2408D}"
EndProject
Project("{FAE04EC0-301F-11D3-BF4B-00C04F79EFBC}") = "Client.Domain", "Client.Domain\Client.Domain.csproj", "{4B0D5AC4-26E8-4B2E-9341-44AC6FDCD0E4}"
EndProject
Global
	GlobalSection(SolutionConfigurationPlatforms) = preSolution
		Debug|Any CPU = Debug|Any CPU
		Release|Any CPU = Release|Any CPU
	EndGlobalSection
	GlobalSection(ProjectConfigurationPlatforms) = postSolution
		{913C44B7-3715-42DC-AB3C-5706708D7F6B}.Debug|Any CPU.ActiveCfg = Debug|Any CPU
		{913C44B7-3715-42DC-AB3C-5706708D7F6B}.Debug|Any CPU.Build.0 = Debug|Any CPU
		{913C44B7-3715-42DC-AB3C-5706708D7F6B}.Release|Any CPU.ActiveCfg = Release|Any CPU
		{913C44B7-3715-42DC-AB3C-5706708D7F6B}.Release|Any CPU.Build.0 = Release|Any CPU
		{8B988F06-FE48-41DF-9759-8A7487255AE3}.Debug|Any CPU.ActiveCfg = Debug|Any CPU
		{8B988F06-FE48-41DF-9759-8A7487255AE3}.Debug|Any CPU.Build.0 = Debug|Any CPU
		{8B988F06-FE48-41DF-9759-8A7487255AE3}.Release|Any CPU.ActiveCfg = Release|Any CPU
		{8B988F06-FE48-41DF-9759-8A7487255AE3}.Release|Any CPU.Build.0 = Release|Any CPU
		{F59B5544-EC35-42CF-A63C-5739350D26A6}.Debug|Any CPU.ActiveCfg = Debug|Any CPU
		{F59B5544-EC35-42CF-A63C-5739350D26A6}.Debug|Any CPU.Build.0 = Debug|Any CPU
		{F59B5544-EC35-42CF-A63C-5739350D26A6}.Release|Any CPU.ActiveCfg = Release|Any CPU
		{F59B5544-EC35-42CF-A63C-5739350D26A6}.Release|Any CPU.Build.0 = Release|Any CPU
		{19E0CD03-3A39-4E61-AF97-71E420F2408D}.Debug|Any CPU.ActiveCfg = Debug|Any CPU
		{19E0CD03-3A39-4E61-AF97-71E420F2408D}.Debug|Any CPU.Build.0 = Debug|Any CPU
		{19E0CD03-3A39-4E61-AF97-71E420F2408D}.Release|Any CPU.ActiveCfg = Release|Any CPU
		{19E0CD03-3A39-4E61-AF97-71E420F2408D}.Release|Any CPU.Build.0 = Release|Any CPU
		{4B0D5AC4-26E8-4B2E-9341-44AC6FDCD0E4}.Debug|Any CPU.ActiveCfg = Debug|Any CPU
		{4B0D5AC4-26E8-4B2E-9341-44AC6FDCD0E4}.Debug|Any CPU.Build.0 = Debug|Any CPU
		{4B0D5AC4-26E8-4B2E-9341-44AC6FDCD0E4}.Release|Any CPU.ActiveCfg = Release|Any CPU
		{4B0D5AC4-26E8-4B2E-9341-44AC6FDCD0E4}.Release|Any CPU.Build.0 = Release|Any CPU
	EndGlobalSection
	GlobalSection(SolutionProperties) = preSolution
		HideSolutionNode = FALSE
	EndGlobalSection
	GlobalSection(ExtensibilityGlobals) = postSolution
		SolutionGuid = {69A387C9-CC90-4A40-BF87-7ADAE3080C85}
	EndGlobalSection
EndGlobal
